
Microsoft Visual Studio Solution File, Format Version 12.00
# Visual Studio Version 17
VisualStudioVersion = 17.14.36511.14 d17.14
MinimumVisualStudioVersion = 10.0.40219.1
Project("{FAE04EC0-301F-11D3-BF4B-00C04F79EFBC}") = "DependencyInjection", "DependencyInjection\DependencyInjection.csproj", "{205A389C-2830-4300-A95F-21C163B9F205}"
EndProject
Project("{FAE04EC0-301F-11D3-BF4B-00C04F79EFBC}") = "Services", "Services\Services.csproj", "{69814C8E-9E84-4194-8D29-735EE73136C0}"
EndProject
Project("{FAE04EC0-301F-11D3-BF4B-00C04F79EFBC}") = "ServiceContract", "ServiceContract\ServiceContract.csproj", "{9F1C926A-ACC6-48EA-BABD-DFCD08FE93EE}"
EndProject
Global
	GlobalSection(SolutionConfigurationPlatforms) = preSolution
		Debug|Any CPU = Debug|Any CPU
		Release|Any CPU = Release|Any CPU
	EndGlobalSection
	GlobalSection(ProjectConfigurationPlatforms) = postSolution
		{205A389C-2830-4300-A95F-21C163B9F205}.Debug|Any CPU.ActiveCfg = Debug|Any CPU
		{205A389C-2830-4300-A95F-21C163B9F205}.Debug|Any CPU.Build.0 = Debug|Any CPU
		{205A389C-2830-4300-A95F-21C163B9F205}.Release|Any CPU.ActiveCfg = Release|Any CPU
		{205A389C-2830-4300-A95F-21C163B9F205}.Release|Any CPU.Build.0 = Release|Any CPU
		{69814C8E-9E84-4194-8D29-735EE73136C0}.Debug|Any CPU.ActiveCfg = Debug|Any CPU
		{69814C8E-9E84-4194-8D29-735EE73136C0}.Debug|Any CPU.Build.0 = Debug|Any CPU
		{69814C8E-9E84-4194-8D29-735EE73136C0}.Release|Any CPU.ActiveCfg = Release|Any CPU
		{69814C8E-9E84-4194-8D29-735EE73136C0}.Release|Any CPU.Build.0 = Release|Any CPU
		{9F1C926A-ACC6-48EA-BABD-DFCD08FE93EE}.Debug|Any CPU.ActiveCfg = Debug|Any CPU
		{9F1C926A-ACC6-48EA-BABD-DFCD08FE93EE}.Debug|Any CPU.Build.0 = Debug|Any CPU
		{9F1C926A-ACC6-48EA-BABD-DFCD08FE93EE}.Release|Any CPU.ActiveCfg = Release|Any CPU
		{9F1C926A-ACC6-48EA-BABD-DFCD08FE93EE}.Release|Any CPU.Build.0 = Release|Any CPU
	EndGlobalSection
	GlobalSection(SolutionProperties) = preSolution
		HideSolutionNode = FALSE
	EndGlobalSection
	GlobalSection(ExtensibilityGlobals) = postSolution
		SolutionGuid = {F956D07F-28D4-4973-8B4E-7CDAE60DF33C}
	EndGlobalSection
EndGlobal
