
Microsoft Visual Studio Solution File, Format Version 12.00
# Visual Studio Version 18
VisualStudioVersion = 18.2.11415.280
MinimumVisualStudioVersion = 10.0.40219.1
Project("{FAE04EC0-301F-11D3-BF4B-00C04F79EFBC}") = "CS4", "CS4\CS4.csproj", "{65EF06C0-9BCB-4A92-84DE-E64ECC2F30DB}"
EndProject
Project("{FAE04EC0-301F-11D3-BF4B-00C04F79EFBC}") = "CS7", "CS7\CS7.csproj", "{59086C17-286A-43D1-B348-D204B7239D67}"
EndProject
Project("{FAE04EC0-301F-11D3-BF4B-00C04F79EFBC}") = "ClassLibrary", "ClassLibrary\ClassLibrary.csproj", "{0C520340-C983-4852-A8A4-FF0C68DD66C9}"
EndProject
Project("{FAE04EC0-301F-11D3-BF4B-00C04F79EFBC}") = "CS8", "CS8\CS8.csproj", "{3815C8A0-6B79-41B7-AFF1-7451DB49C918}"
EndProject
Project("{FAE04EC0-301F-11D3-BF4B-00C04F79EFBC}") = "CS6", "CS6\CS6.csproj", "{263C338C-B70B-414E-B0A4-16530349EF52}"
EndProject
Project("{FAE04EC0-301F-11D3-BF4B-00C04F79EFBC}") = "CS3", "CS3\CS3.csproj", "{BE0DE140-1261-4311-879C-B7166A100689}"
EndProject
Project("{FAE04EC0-301F-11D3-BF4B-00C04F79EFBC}") = "CS12", "CS12\CS12.csproj", "{66396B6F-D798-4DDE-A3E7-B907594A5B32}"
EndProject
Project("{FAE04EC0-301F-11D3-BF4B-00C04F79EFBC}") = "CS9", "CS9\CS9.csproj", "{D6A42A91-7D75-4A9A-98A5-E352C73E9A88}"
EndProject
Project("{FAE04EC0-301F-11D3-BF4B-00C04F79EFBC}") = "CS10", "CS10\CS10.csproj", "{0ADFB191-370D-4270-B89A-51A6C8651E2C}"
EndProject
Project("{FAE04EC0-301F-11D3-BF4B-00C04F79EFBC}") = "CS11", "CS11\CS11.csproj", "{A1581D37-1F66-43EC-9CAD-AF665670D129}"
EndProject
Project("{FAE04EC0-301F-11D3-BF4B-00C04F79EFBC}") = "CS13", "CS13\CS13.csproj", "{093556E5-7902-41FA-A52B-98D77AE18909}"
EndProject
Project("{FAE04EC0-301F-11D3-BF4B-00C04F79EFBC}") = "CS14", "CS14\CS14.csproj", "{078BA02F-2746-44A2-9C22-855A3D8292B5}"
EndProject
Global
	GlobalSection(SolutionConfigurationPlatforms) = preSolution
		Debug|Any CPU = Debug|Any CPU
		Release|Any CPU = Release|Any CPU
	EndGlobalSection
	GlobalSection(ProjectConfigurationPlatforms) = postSolution
		{65EF06C0-9BCB-4A92-84DE-E64ECC2F30DB}.Debug|Any CPU.ActiveCfg = Debug|Any CPU
		{65EF06C0-9BCB-4A92-84DE-E64ECC2F30DB}.Debug|Any CPU.Build.0 = Debug|Any CPU
		{65EF06C0-9BCB-4A92-84DE-E64ECC2F30DB}.Release|Any CPU.ActiveCfg = Release|Any CPU
		{65EF06C0-9BCB-4A92-84DE-E64ECC2F30DB}.Release|Any CPU.Build.0 = Release|Any CPU
		{59086C17-286A-43D1-B348-D204B7239D67}.Debug|Any CPU.ActiveCfg = Debug|Any CPU
		{59086C17-286A-43D1-B348-D204B7239D67}.Debug|Any CPU.Build.0 = Debug|Any CPU
		{59086C17-286A-43D1-B348-D204B7239D67}.Release|Any CPU.ActiveCfg = Release|Any CPU
		{59086C17-286A-43D1-B348-D204B7239D67}.Release|Any CPU.Build.0 = Release|Any CPU
		{0C520340-C983-4852-A8A4-FF0C68DD66C9}.Debug|Any CPU.ActiveCfg = Debug|Any CPU
		{0C520340-C983-4852-A8A4-FF0C68DD66C9}.Debug|Any CPU.Build.0 = Debug|Any CPU
		{0C520340-C983-4852-A8A4-FF0C68DD66C9}.Release|Any CPU.ActiveCfg = Release|Any CPU
		{0C520340-C983-4852-A8A4-FF0C68DD66C9}.Release|Any CPU.Build.0 = Release|Any CPU
		{3815C8A0-6B79-41B7-AFF1-7451DB49C918}.Debug|Any CPU.ActiveCfg = Debug|Any CPU
		{3815C8A0-6B79-41B7-AFF1-7451DB49C918}.Debug|Any CPU.Build.0 = Debug|Any CPU
		{3815C8A0-6B79-41B7-AFF1-7451DB49C918}.Release|Any CPU.ActiveCfg = Release|Any CPU
		{3815C8A0-6B79-41B7-AFF1-7451DB49C918}.Release|Any CPU.Build.0 = Release|Any CPU
		{263C338C-B70B-414E-B0A4-16530349EF52}.Debug|Any CPU.ActiveCfg = Debug|Any CPU
		{263C338C-B70B-414E-B0A4-16530349EF52}.Debug|Any CPU.Build.0 = Debug|Any CPU
		{263C338C-B70B-414E-B0A4-16530349EF52}.Release|Any CPU.ActiveCfg = Release|Any CPU
		{263C338C-B70B-414E-B0A4-16530349EF52}.Release|Any CPU.Build.0 = Release|Any CPU
		{BE0DE140-1261-4311-879C-B7166A100689}.Debug|Any CPU.ActiveCfg = Debug|Any CPU
		{BE0DE140-1261-4311-879C-B7166A100689}.Debug|Any CPU.Build.0 = Debug|Any CPU
		{BE0DE140-1261-4311-879C-B7166A100689}.Release|Any CPU.ActiveCfg = Release|Any CPU
		{BE0DE140-1261-4311-879C-B7166A100689}.Release|Any CPU.Build.0 = Release|Any CPU
		{66396B6F-D798-4DDE-A3E7-B907594A5B32}.Debug|Any CPU.ActiveCfg = Debug|Any CPU
		{66396B6F-D798-4DDE-A3E7-B907594A5B32}.Debug|Any CPU.Build.0 = Debug|Any CPU
		{66396B6F-D798-4DDE-A3E7-B907594A5B32}.Release|Any CPU.ActiveCfg = Release|Any CPU
		{66396B6F-D798-4DDE-A3E7-B907594A5B32}.Release|Any CPU.Build.0 = Release|Any CPU
		{D6A42A91-7D75-4A9A-98A5-E352C73E9A88}.Debug|Any CPU.ActiveCfg = Debug|Any CPU
		{D6A42A91-7D75-4A9A-98A5-E352C73E9A88}.Debug|Any CPU.Build.0 = Debug|Any CPU
		{D6A42A91-7D75-4A9A-98A5-E352C73E9A88}.Release|Any CPU.ActiveCfg = Release|Any CPU
		{D6A42A91-7D75-4A9A-98A5-E352C73E9A88}.Release|Any CPU.Build.0 = Release|Any CPU
		{0ADFB191-370D-4270-B89A-51A6C8651E2C}.Debug|Any CPU.ActiveCfg = Debug|Any CPU
		{0ADFB191-370D-4270-B89A-51A6C8651E2C}.Debug|Any CPU.Build.0 = Debug|Any CPU
		{0ADFB191-370D-4270-B89A-51A6C8651E2C}.Release|Any CPU.ActiveCfg = Release|Any CPU
		{0ADFB191-370D-4270-B89A-51A6C8651E2C}.Release|Any CPU.Build.0 = Release|Any CPU
		{A1581D37-1F66-43EC-9CAD-AF665670D129}.Debug|Any CPU.ActiveCfg = Debug|Any CPU
		{A1581D37-1F66-43EC-9CAD-AF665670D129}.Debug|Any CPU.Build.0 = Debug|Any CPU
		{A1581D37-1F66-43EC-9CAD-AF665670D129}.Release|Any CPU.ActiveCfg = Release|Any CPU
		{A1581D37-1F66-43EC-9CAD-AF665670D129}.Release|Any CPU.Build.0 = Release|Any CPU
		{093556E5-7902-41FA-A52B-98D77AE18909}.Debug|Any CPU.ActiveCfg = Debug|Any CPU
		{093556E5-7902-41FA-A52B-98D77AE18909}.Debug|Any CPU.Build.0 = Debug|Any CPU
		{093556E5-7902-41FA-A52B-98D77AE18909}.Release|Any CPU.ActiveCfg = Release|Any CPU
		{093556E5-7902-41FA-A52B-98D77AE18909}.Release|Any CPU.Build.0 = Release|Any CPU
		{078BA02F-2746-44A2-9C22-855A3D8292B5}.Debug|Any CPU.ActiveCfg = Debug|Any CPU
		{078BA02F-2746-44A2-9C22-855A3D8292B5}.Debug|Any CPU.Build.0 = Debug|Any CPU
		{078BA02F-2746-44A2-9C22-855A3D8292B5}.Release|Any CPU.ActiveCfg = Release|Any CPU
		{078BA02F-2746-44A2-9C22-855A3D8292B5}.Release|Any CPU.Build.0 = Release|Any CPU
	EndGlobalSection
	GlobalSection(SolutionProperties) = preSolution
		HideSolutionNode = FALSE
	EndGlobalSection
	GlobalSection(ExtensibilityGlobals) = postSolution
		SolutionGuid = {1669359F-E1A6-479D-A3A5-C2A5F63F28B7}
	EndGlobalSection
EndGlobal
