
Microsoft Visual Studio Solution File, Format Version 12.00
# Visual Studio Version 17
VisualStudioVersion = 17.14.36511.14
MinimumVisualStudioVersion = 10.0.40219.1
Project("{FAE04EC0-301F-11D3-BF4B-00C04F79EFBC}") = "WeatherMvcApp", "WeatherMvcApp\WeatherMvcApp.csproj", "{D666BBB0-F623-423C-A7EE-A24BD107A380}"
EndProject
Project("{FAE04EC0-301F-11D3-BF4B-00C04F79EFBC}") = "ServiceContracts", "ServiceContracts\ServiceContracts.csproj", "{F486BE63-12D8-43E4-99CE-21ED03F79808}"
EndProject
Project("{FAE04EC0-301F-11D3-BF4B-00C04F79EFBC}") = "Services", "Services\Services.csproj", "{55DDBA39-E062-45A4-B184-1F858D293B2D}"
EndProject
Project("{FAE04EC0-301F-11D3-BF4B-00C04F79EFBC}") = "Models", "Models\Models.csproj", "{5221BE3E-2943-41CD-B836-C5750D122FD2}"
EndProject
Global
	GlobalSection(SolutionConfigurationPlatforms) = preSolution
		Debug|Any CPU = Debug|Any CPU
		Release|Any CPU = Release|Any CPU
	EndGlobalSection
	GlobalSection(ProjectConfigurationPlatforms) = postSolution
		{D666BBB0-F623-423C-A7EE-A24BD107A380}.Debug|Any CPU.ActiveCfg = Debug|Any CPU
		{D666BBB0-F623-423C-A7EE-A24BD107A380}.Debug|Any CPU.Build.0 = Debug|Any CPU
		{D666BBB0-F623-423C-A7EE-A24BD107A380}.Release|Any CPU.ActiveCfg = Release|Any CPU
		{D666BBB0-F623-423C-A7EE-A24BD107A380}.Release|Any CPU.Build.0 = Release|Any CPU
		{F486BE63-12D8-43E4-99CE-21ED03F79808}.Debug|Any CPU.ActiveCfg = Debug|Any CPU
		{F486BE63-12D8-43E4-99CE-21ED03F79808}.Debug|Any CPU.Build.0 = Debug|Any CPU
		{F486BE63-12D8-43E4-99CE-21ED03F79808}.Release|Any CPU.ActiveCfg = Release|Any CPU
		{F486BE63-12D8-43E4-99CE-21ED03F79808}.Release|Any CPU.Build.0 = Release|Any CPU
		{55DDBA39-E062-45A4-B184-1F858D293B2D}.Debug|Any CPU.ActiveCfg = Debug|Any CPU
		{55DDBA39-E062-45A4-B184-1F858D293B2D}.Debug|Any CPU.Build.0 = Debug|Any CPU
		{55DDBA39-E062-45A4-B184-1F858D293B2D}.Release|Any CPU.ActiveCfg = Release|Any CPU
		{55DDBA39-E062-45A4-B184-1F858D293B2D}.Release|Any CPU.Build.0 = Release|Any CPU
		{5221BE3E-2943-41CD-B836-C5750D122FD2}.Debug|Any CPU.ActiveCfg = Debug|Any CPU
		{5221BE3E-2943-41CD-B836-C5750D122FD2}.Debug|Any CPU.Build.0 = Debug|Any CPU
		{5221BE3E-2943-41CD-B836-C5750D122FD2}.Release|Any CPU.ActiveCfg = Release|Any CPU
		{5221BE3E-2943-41CD-B836-C5750D122FD2}.Release|Any CPU.Build.0 = Release|Any CPU
	EndGlobalSection
	GlobalSection(SolutionProperties) = preSolution
		HideSolutionNode = FALSE
	EndGlobalSection
	GlobalSection(ExtensibilityGlobals) = postSolution
		SolutionGuid = {153B4B71-41B8-4690-90AB-FC945E118E76}
	EndGlobalSection
EndGlobal
